
Microsoft Visual Studio Solution File, Format Version 12.00
# Visual Studio Version 16
VisualStudioVersion = 16.0.31702.278
MinimumVisualStudioVersion = 10.0.40219.1
Project("{FAE04EC0-301F-11D3-BF4B-00C04F79EFBC}") = "Check2", "Check2.csproj", "{153C57A5-C963-4A45-9A09-1A703B9E2C6A}"
EndProject
Global
	GlobalSection(SolutionConfigurationPlatforms) = preSolution
		Debug|Any CPU = Debug|Any CPU
		Release|Any CPU = Release|Any CPU
	EndGlobalSection
	GlobalSection(ProjectConfigurationPlatforms) = postSolution
		{153C57A5-C963-4A45-9A09-1A703B9E2C6A}.Debug|Any CPU.ActiveCfg = Debug|Any CPU
		{153C57A5-C963-4A45-9A09-1A703B9E2C6A}.Debug|Any CPU.Build.0 = Debug|Any CPU
		{153C57A5-C963-4A45-9A09-1A703B9E2C6A}.Release|Any CPU.ActiveCfg = Release|Any CPU
		{153C57A5-C963-4A45-9A09-1A703B9E2C6A}.Release|Any CPU.Build.0 = Release|Any CPU
	EndGlobalSection
	GlobalSection(SolutionProperties) = preSolution
		HideSolutionNode = FALSE
	EndGlobalSection
	GlobalSection(ExtensibilityGlobals) = postSolution
		SolutionGuid = {838BA043-3DA9-4075-A1A3-D0B5053B648C}
	EndGlobalSection
EndGlobal
